// !$*UTF8*$!
{
	archiveVersion = 1;
	classes = {
	};
	objectVersion = 50;
	objects = {

/* Begin PBXBuildFile section */
		CE060B8124A0AC5900C9F1E9 /* menu.swift in Sources */ = {isa = PBXBuildFile; fileRef = CE060B8024A0AC5900C9F1E9 /* menu.swift */; };
		CE060B8524A0D93900C9F1E9 /* DetailViewController.swift in Sources */ = {isa = PBXBuildFile; fileRef = CE060B8424A0D93900C9F1E9 /* DetailViewController.swift */; };
		CE3068EC249CA7F400932310 /* AppDelegate.swift in Sources */ = {isa = PBXBuildFile; fileRef = CE3068EB249CA7F400932310 /* AppDelegate.swift */; };
		CE3068EE249CA7F400932310 /* SceneDelegate.swift in Sources */ = {isa = PBXBuildFile; fileRef = CE3068ED249CA7F400932310 /* SceneDelegate.swift */; };
		CE3068F0249CA7F400932310 /* ViewController.swift in Sources */ = {isa = PBXBuildFile; fileRef = CE3068EF249CA7F400932310 /* ViewController.swift */; };
		CE3068F3249CA7F400932310 /* Main.storyboard in Resources */ = {isa = PBXBuildFile; fileRef = CE3068F1249CA7F400932310 /* Main.storyboard */; };
		CE3068F5249CA7F500932310 /* Assets.xcassets in Resources */ = {isa = PBXBuildFile; fileRef = CE3068F4249CA7F500932310 /* Assets.xcassets */; };
		CE3068F8249CA7F500932310 /* LaunchScreen.storyboard in Resources */ = {isa = PBXBuildFile; fileRef = CE3068F6249CA7F500932310 /* LaunchScreen.storyboard */; };
		CE3153C524A204D8004CB36F /* DetailTableViewCell.swift in Sources */ = {isa = PBXBuildFile; fileRef = CE3153C424A204D8004CB36F /* DetailTableViewCell.swift */; };
		CE89E4CF249E0F5C00175DAD /* RestaurantViewController.swift in Sources */ = {isa = PBXBuildFile; fileRef = CE89E4CE249E0F5C00175DAD /* RestaurantViewController.swift */; };
		CE89E4D1249E106500175DAD /* Restaurant.swift in Sources */ = {isa = PBXBuildFile; fileRef = CE89E4D0249E106500175DAD /* Restaurant.swift */; };
		CE89E4D4249E1B0400175DAD /* CastomTableViewCell.swift in Sources */ = {isa = PBXBuildFile; fileRef = CE89E4D3249E1B0400175DAD /* CastomTableViewCell.swift */; };
		CEB4F92924A3470C0049F3D6 /* DrinkViewController.swift in Sources */ = {isa = PBXBuildFile; fileRef = CEB4F92824A3470C0049F3D6 /* DrinkViewController.swift */; };
/* End PBXBuildFile section */

/* Begin PBXFileReference section */
		CE060B8024A0AC5900C9F1E9 /* menu.swift */ = {isa = PBXFileReference; lastKnownFileType = sourcecode.swift; path = menu.swift; sourceTree = "<group>"; };
		CE060B8424A0D93900C9F1E9 /* DetailViewController.swift */ = {isa = PBXFileReference; lastKnownFileType = sourcecode.swift; path = DetailViewController.swift; sourceTree = "<group>"; };
		CE3068E8249CA7F400932310 /* delivery.app */ = {isa = PBXFileReference; explicitFileType = wrapper.application; includeInIndex = 0; path = delivery.app; sourceTree = BUILT_PRODUCTS_DIR; };
		CE3068EB249CA7F400932310 /* AppDelegate.swift */ = {isa = PBXFileReference; lastKnownFileType = sourcecode.swift; path = AppDelegate.swift; sourceTree = "<group>"; };
		CE3068ED249CA7F400932310 /* SceneDelegate.swift */ = {isa = PBXFileReference; lastKnownFileType = sourcecode.swift; path = SceneDelegate.swift; sourceTree = "<group>"; };
		CE3068EF249CA7F400932310 /* ViewController.swift */ = {isa = PBXFileReference; lastKnownFileType = sourcecode.swift; path = ViewController.swift; sourceTree = "<group>"; };
		CE3068F2249CA7F400932310 /* Base */ = {isa = PBXFileReference; lastKnownFileType = file.storyboard; name = Base; path = Base.lproj/Main.storyboard; sourceTree = "<group>"; };
		CE3068F4249CA7F500932310 /* Assets.xcassets */ = {isa = PBXFileReference; lastKnownFileType = folder.assetcatalog; path = Assets.xcassets; sourceTree = "<group>"; };
		CE3068F7249CA7F500932310 /* Base */ = {isa = PBXFileReference; lastKnownFileType = file.storyboard; name = Base; path = Base.lproj/LaunchScreen.storyboard; sourceTree = "<group>"; };
		CE3068F9249CA7F500932310 /* Info.plist */ = {isa = PBXFileReference; lastKnownFileType = text.plist.xml; path = Info.plist; sourceTree = "<group>"; };
		CE3153C424A204D8004CB36F /* DetailTableViewCell.swift */ = {isa = PBXFileReference; lastKnownFileType = sourcecode.swift; path = DetailTableViewCell.swift; sourceTree = "<group>"; };
		CE89E4CE249E0F5C00175DAD /* RestaurantViewController.swift */ = {isa = PBXFileReference; lastKnownFileType = sourcecode.swift; path = RestaurantViewController.swift; sourceTree = "<group>"; };
		CE89E4D0249E106500175DAD /* Restaurant.swift */ = {isa = PBXFileReference; lastKnownFileType = sourcecode.swift; path = Restaurant.swift; sourceTree = "<group>"; };
		CE89E4D3249E1B0400175DAD /* CastomTableViewCell.swift */ = {isa = PBXFileReference; lastKnownFileType = sourcecode.swift; path = CastomTableViewCell.swift; sourceTree = "<group>"; };
		CEB4F92824A3470C0049F3D6 /* DrinkViewController.swift */ = {isa = PBXFileReference; lastKnownFileType = sourcecode.swift; path = DrinkViewController.swift; sourceTree = "<group>"; };
/* End PBXFileReference section */

/* Begin PBXFrameworksBuildPhase section */
		CE3068E5249CA7F400932310 /* Frameworks */ = {
			isa = PBXFrameworksBuildPhase;
			buildActionMask = 2147483647;
			files = (
			);
			runOnlyForDeploymentPostprocessing = 0;
		};
/* End PBXFrameworksBuildPhase section */

/* Begin PBXGroup section */
		CE3068DF249CA7F400932310 = {
			isa = PBXGroup;
			children = (
				CE3068EA249CA7F400932310 /* delivery */,
				CE3068E9249CA7F400932310 /* Products */,
			);
			sourceTree = "<group>";
		};
		CE3068E9249CA7F400932310 /* Products */ = {
			isa = PBXGroup;
			children = (
				CE3068E8249CA7F400932310 /* delivery.app */,
			);
			name = Products;
			sourceTree = "<group>";
		};
		CE3068EA249CA7F400932310 /* delivery */ = {
			isa = PBXGroup;
			children = (
				CE3068EB249CA7F400932310 /* AppDelegate.swift */,
				CE89E4D2249E127C00175DAD /* Model */,
				CE3068ED249CA7F400932310 /* SceneDelegate.swift */,
				CE3068EF249CA7F400932310 /* ViewController.swift */,
				CE3068F1249CA7F400932310 /* Main.storyboard */,
				CEFE6D7A24A20278000CF595 /* restourants */,
				CE3153C324A2032D004CB36F /* detail */,
				CEB4F92A24A347190049F3D6 /* drink */,
				CE3068F4249CA7F500932310 /* Assets.xcassets */,
				CE3068F6249CA7F500932310 /* LaunchScreen.storyboard */,
				CE3068F9249CA7F500932310 /* Info.plist */,
			);
			path = delivery;
			sourceTree = "<group>";
		};
		CE3153C324A2032D004CB36F /* detail */ = {
			isa = PBXGroup;
			children = (
				CE060B8424A0D93900C9F1E9 /* DetailViewController.swift */,
				CE3153C424A204D8004CB36F /* DetailTableViewCell.swift */,
			);
			path = detail;
			sourceTree = "<group>";
		};
		CE89E4D2249E127C00175DAD /* Model */ = {
			isa = PBXGroup;
			children = (
				CE89E4D0249E106500175DAD /* Restaurant.swift */,
				CE060B8024A0AC5900C9F1E9 /* menu.swift */,
			);
			path = Model;
			sourceTree = "<group>";
		};
		CEB4F92A24A347190049F3D6 /* drink */ = {
			isa = PBXGroup;
			children = (
				CEB4F92824A3470C0049F3D6 /* DrinkViewController.swift */,
			);
			path = drink;
			sourceTree = "<group>";
		};
		CEFE6D7A24A20278000CF595 /* restourants */ = {
			isa = PBXGroup;
			children = (
				CE89E4CE249E0F5C00175DAD /* RestaurantViewController.swift */,
				CE89E4D3249E1B0400175DAD /* CastomTableViewCell.swift */,
			);
			path = restourants;
			sourceTree = "<group>";
		};
/* End PBXGroup section */

/* Begin PBXNativeTarget section */
		CE3068E7249CA7F400932310 /* delivery */ = {
			isa = PBXNativeTarget;
			buildConfigurationList = CE3068FC249CA7F500932310 /* Build configuration list for PBXNativeTarget "delivery" */;
			buildPhases = (
				CE3068E4249CA7F400932310 /* Sources */,
				CE3068E5249CA7F400932310 /* Frameworks */,
				CE3068E6249CA7F400932310 /* Resources */,
			);
			buildRules = (
			);
			dependencies = (
			);
			name = delivery;
			productName = delivery;
			productReference = CE3068E8249CA7F400932310 /* delivery.app */;
			productType = "com.apple.product-type.application";
		};
/* End PBXNativeTarget section */

/* Begin PBXProject section */
		CE3068E0249CA7F400932310 /* Project object */ = {
			isa = PBXProject;
			attributes = {
				LastSwiftUpdateCheck = 1150;
				LastUpgradeCheck = 1150;
				ORGANIZATIONNAME = sad;
				TargetAttributes = {
					CE3068E7249CA7F400932310 = {
						CreatedOnToolsVersion = 11.5;
					};
				};
			};
			buildConfigurationList = CE3068E3249CA7F400932310 /* Build configuration list for PBXProject "delivery" */;
			compatibilityVersion = "Xcode 9.3";
			developmentRegion = en;
			hasScannedForEncodings = 0;
			knownRegions = (
				en,
				Base,
			);
			mainGroup = CE3068DF249CA7F400932310;
			productRefGroup = CE3068E9249CA7F400932310 /* Products */;
			projectDirPath = "";
			projectRoot = "";
			targets = (
				CE3068E7249CA7F400932310 /* delivery */,
			);
		};
/* End PBXProject section */

/* Begin PBXResourcesBuildPhase section */
		CE3068E6249CA7F400932310 /* Resources */ = {
			isa = PBXResourcesBuildPhase;
			buildActionMask = 2147483647;
			files = (
				CE3068F8249CA7F500932310 /* LaunchScreen.storyboard in Resources */,
				CE3068F5249CA7F500932310 /* Assets.xcassets in Resources */,
				CE3068F3249CA7F400932310 /* Main.storyboard in Resources */,
			);
			runOnlyForDeploymentPostprocessing = 0;
		};
/* End PBXResourcesBuildPhase section */

/* Begin PBXSourcesBuildPhase section */
		CE3068E4249CA7F400932310 /* Sources */ = {
			isa = PBXSourcesBuildPhase;
			buildActionMask = 2147483647;
			files = (
				CE3153C524A204D8004CB36F /* DetailTableViewCell.swift in Sources */,
				CE89E4D1249E106500175DAD /* Restaurant.swift in Sources */,
				CE3068F0249CA7F400932310 /* ViewController.swift in Sources */,
				CE89E4CF249E0F5C00175DAD /* RestaurantViewController.swift in Sources */,
				CE3068EC249CA7F400932310 /* AppDelegate.swift in Sources */,
				CE89E4D4249E1B0400175DAD /* CastomTableViewCell.swift in Sources */,
				CE060B8124A0AC5900C9F1E9 /* menu.swift in Sources */,
				CE3068EE249CA7F400932310 /* SceneDelegate.swift in Sources */,
				CE060B8524A0D93900C9F1E9 /* DetailViewController.swift in Sources */,
				CEB4F92924A3470C0049F3D6 /* DrinkViewController.swift in Sources */,
			);
			runOnlyForDeploymentPostprocessing = 0;
		};
/* End PBXSourcesBuildPhase section */

/* Begin PBXVariantGroup section */
		CE3068F1249CA7F400932310 /* Main.storyboard */ = {
			isa = PBXVariantGroup;
			children = (
				CE3068F2249CA7F400932310 /* Base */,
			);
			name = Main.storyboard;
			sourceTree = "<group>";
		};
		CE3068F6249CA7F500932310 /* LaunchScreen.storyboard */ = {
			isa = PBXVariantGroup;
			children = (
				CE3068F7249CA7F500932310 /* Base */,
			);
			name = LaunchScreen.storyboard;
			sourceTree = "<group>";
		};
/* End PBXVariantGroup section */

/* Begin XCBuildConfiguration section */
		CE3068FA249CA7F500932310 /* Debug */ = {
			isa = XCBuildConfiguration;
			buildSettings = {
				ALWAYS_SEARCH_USER_PATHS = NO;
				CLANG_ANALYZER_NONNULL = YES;
				CLANG_ANALYZER_NUMBER_OBJECT_CONVERSION = YES_AGGRESSIVE;
				CLANG_CXX_LANGUAGE_STANDARD = "gnu++14";
				CLANG_CXX_LIBRARY = "libc++";
				CLANG_ENABLE_MODULES = YES;
				CLANG_ENABLE_OBJC_ARC = YES;
				CLANG_ENABLE_OBJC_WEAK = YES;
				CLANG_WARN_BLOCK_CAPTURE_AUTORELEASING = YES;
				CLANG_WARN_BOOL_CONVERSION = YES;
				CLANG_WARN_COMMA = YES;
				CLANG_WARN_CONSTANT_CONVERSION = YES;
				CLANG_WARN_DEPRECATED_OBJC_IMPLEMENTATIONS = YES;
				CLANG_WARN_DIRECT_OBJC_ISA_USAGE = YES_ERROR;
				CLANG_WARN_DOCUMENTATION_COMMENTS = YES;
				CLANG_WARN_EMPTY_BODY = YES;
				CLANG_WARN_ENUM_CONVERSION = YES;
				CLANG_WARN_INFINITE_RECURSION = YES;
				CLANG_WARN_INT_CONVERSION = YES;
				CLANG_WARN_NON_LITERAL_NULL_CONVERSION = YES;
				CLANG_WARN_OBJC_IMPLICIT_RETAIN_SELF = YES;
				CLANG_WARN_OBJC_LITERAL_CONVERSION = YES;
				CLANG_WARN_OBJC_ROOT_CLASS = YES_ERROR;
				CLANG_WARN_RANGE_LOOP_ANALYSIS = YES;
				CLANG_WARN_STRICT_PROTOTYPES = YES;
				CLANG_WARN_SUSPICIOUS_MOVE = YES;
				CLANG_WARN_UNGUARDED_AVAILABILITY = YES_AGGRESSIVE;
				CLANG_WARN_UNREACHABLE_CODE = YES;
				CLANG_WARN__DUPLICATE_METHOD_MATCH = YES;
				COPY_PHASE_STRIP = NO;
				DEBUG_INFORMATION_FORMAT = dwarf;
				ENABLE_STRICT_OBJC_MSGSEND = YES;
				ENABLE_TESTABILITY = YES;
				GCC_C_LANGUAGE_STANDARD = gnu11;
				GCC_DYNAMIC_NO_PIC = NO;
				GCC_NO_COMMON_BLOCKS = YES;
				GCC_OPTIMIZATION_LEVEL = 0;
				GCC_PREPROCESSOR_DEFINITIONS = (
					"DEBUG=1",
					"$(inherited)",
				);
				GCC_WARN_64_TO_32_BIT_CONVERSION = YES;
				GCC_WARN_ABOUT_RETURN_TYPE = YES_ERROR;
				GCC_WARN_UNDECLARED_SELECTOR = YES;
				GCC_WARN_UNINITIALIZED_AUTOS = YES_AGGRESSIVE;
				GCC_WARN_UNUSED_FUNCTION = YES;
				GCC_WARN_UNUSED_VARIABLE = YES;
				IPHONEOS_DEPLOYMENT_TARGET = 13.5;
				MTL_ENABLE_DEBUG_INFO = INCLUDE_SOURCE;
				MTL_FAST_MATH = YES;
				ONLY_ACTIVE_ARCH = YES;
				SDKROOT = iphoneos;
				SWIFT_ACTIVE_COMPILATION_CONDITIONS = DEBUG;
				SWIFT_OPTIMIZATION_LEVEL = "-Onone";
			};
			name = Debug;
		};
		CE3068FB249CA7F500932310 /* Release */ = {
			isa = XCBuildConfiguration;
			buildSettings = {
				ALWAYS_SEARCH_USER_PATHS = NO;
				CLANG_ANALYZER_NONNULL = YES;
				CLANG_ANALYZER_NUMBER_OBJECT_CONVERSION = YES_AGGRESSIVE;
				CLANG_CXX_LANGUAGE_STANDARD = "gnu++14";
				CLANG_CXX_LIBRARY = "libc++";
				CLANG_ENABLE_MODULES = YES;
				CLANG_ENABLE_OBJC_ARC = YES;
				CLANG_ENABLE_OBJC_WEAK = YES;
				CLANG_WARN_BLOCK_CAPTURE_AUTORELEASING = YES;
				CLANG_WARN_BOOL_CONVERSION = YES;
				CLANG_WARN_COMMA = YES;
				CLANG_WARN_CONSTANT_CONVERSION = YES;
				CLANG_WARN_DEPRECATED_OBJC_IMPLEMENTATIONS = YES;
				CLANG_WARN_DIRECT_OBJC_ISA_USAGE = YES_ERROR;
				CLANG_WARN_DOCUMENTATION_COMMENTS = YES;
				CLANG_WARN_EMPTY_BODY = YES;
				CLANG_WARN_ENUM_CONVERSION = YES;
				CLANG_WARN_INFINITE_RECURSION = YES;
				CLANG_WARN_INT_CONVERSION = YES;
				CLANG_WARN_NON_LITERAL_NULL_CONVERSION = YES;
				CLANG_WARN_OBJC_IMPLICIT_RETAIN_SELF = YES;
				CLANG_WARN_OBJC_LITERAL_CONVERSION = YES;
				CLANG_WARN_OBJC_ROOT_CLASS = YES_ERROR;
				CLANG_WARN_RANGE_LOOP_ANALYSIS = YES;
				CLANG_WARN_STRICT_PROTOTYPES = YES;
				CLANG_WARN_SUSPICIOUS_MOVE = YES;
				CLANG_WARN_UNGUARDED_AVAILABILITY = YES_AGGRESSIVE;
				CLANG_WARN_UNREACHABLE_CODE = YES;
				CLANG_WARN__DUPLICATE_METHOD_MATCH = YES;
				COPY_PHASE_STRIP = NO;
				DEBUG_INFORMATION_FORMAT = "dwarf-with-dsym";
				ENABLE_NS_ASSERTIONS = NO;
				ENABLE_STRICT_OBJC_MSGSEND = YES;
				GCC_C_LANGUAGE_STANDARD = gnu11;
				GCC_NO_COMMON_BLOCKS = YES;
				GCC_WARN_64_TO_32_BIT_CONVERSION = YES;
				GCC_WARN_ABOUT_RETURN_TYPE = YES_ERROR;
				GCC_WARN_UNDECLARED_SELECTOR = YES;
				GCC_WARN_UNINITIALIZED_AUTOS = YES_AGGRESSIVE;
				GCC_WARN_UNUSED_FUNCTION = YES;
				GCC_WARN_UNUSED_VARIABLE = YES;
				IPHONEOS_DEPLOYMENT_TARGET = 13.5;
				MTL_ENABLE_DEBUG_INFO = NO;
				MTL_FAST_MATH = YES;
				SDKROOT = iphoneos;
				SWIFT_COMPILATION_MODE = wholemodule;
				SWIFT_OPTIMIZATION_LEVEL = "-O";
				VALIDATE_PRODUCT = YES;
			};
			name = Release;
		};
		CE3068FD249CA7F500932310 /* Debug */ = {
			isa = XCBuildConfiguration;
			buildSettings = {
				ASSETCATALOG_COMPILER_APPICON_NAME = AppIcon;
				CODE_SIGN_STYLE = Automatic;
				DEVELOPMENT_TEAM = K7W4FWJB2H;
				INFOPLIST_FILE = delivery/Info.plist;
				LD_RUNPATH_SEARCH_PATHS = (
					"$(inherited)",
					"@executable_path/Frameworks",
				);
				PRODUCT_BUNDLE_IDENTIFIER = sad.organization.delivery;
				PRODUCT_NAME = "$(TARGET_NAME)";
				SWIFT_VERSION = 5.0;
				TARGETED_DEVICE_FAMILY = "1,2";
			};
			name = Debug;
		};
		CE3068FE249CA7F500932310 /* Release */ = {
			isa = XCBuildConfiguration;
			buildSettings = {
				ASSETCATALOG_COMPILER_APPICON_NAME = AppIcon;
				CODE_SIGN_STYLE = Automatic;
				DEVELOPMENT_TEAM = K7W4FWJB2H;
				INFOPLIST_FILE = delivery/Info.plist;
				LD_RUNPATH_SEARCH_PATHS = (
					"$(inherited)",
					"@executable_path/Frameworks",
				);
				PRODUCT_BUNDLE_IDENTIFIER = sad.organization.delivery;
				PRODUCT_NAME = "$(TARGET_NAME)";
				SWIFT_VERSION = 5.0;
				TARGETED_DEVICE_FAMILY = "1,2";
			};
			name = Release;
		};
/* End XCBuildConfiguration section */

/* Begin XCConfigurationList section */
		CE3068E3249CA7F400932310 /* Build configuration list for PBXProject "delivery" */ = {
			isa = XCConfigurationList;
			buildConfigurations = (
				CE3068FA249CA7F500932310 /* Debug */,
				CE3068FB249CA7F500932310 /* Release */,
			);
			defaultConfigurationIsVisible = 0;
			defaultConfigurationName = Release;
		};
		CE3068FC249CA7F500932310 /* Build configuration list for PBXNativeTarget "delivery" */ = {
			isa = XCConfigurationList;
			buildConfigurations = (
				CE3068FD249CA7F500932310 /* Debug */,
				CE3068FE249CA7F500932310 /* Release */,
			);
			defaultConfigurationIsVisible = 0;
			defaultConfigurationName = Release;
		};
/* End XCConfigurationList section */
	};
	rootObject = CE3068E0249CA7F400932310 /* Project object */;
}
